{
  "name": "webapp",
  "lockfileVersion": 2,
  "requires": true,
  "packages": {
    "": {
      "name": "webapp",
      "license": "ISC",
      "devDependencies": {
        "swiper": "^10.3.1",
        "telegram-webapps": "6.9.0"
      }
    },
    "node_modules/swiper": {
      "version": "10.3.1",
      "resolved": "https://registry.npmjs.org/swiper/-/swiper-10.3.1.tgz",
      "integrity": "sha512-24Wk3YUdZHxjc9faID97GTu6xnLNia+adMt6qMTZG/HgdSUt4fS0REsGUXJOgpTED0Amh/j+gRGQxsLayJUlBQ==",
      "dev": true,
      "funding": [
        {
          "type": "patreon",
          "url": "https://www.patreon.com/swiperjs"
        },
        {
          "type": "open_collective",
          "url": "http://opencollective.com/swiper"
        }
      ],
      "engines": {
        "node": ">= 4.7.0"
      }
    },
    "node_modules/telegram-webapps": {
      "version": "6.9.0",
      "resolved": "https://registry.npmjs.org/telegram-webapps/-/telegram-webapps-6.9.0.tgz",
      "integrity": "sha512-z7TPQzJi/hrqcLzOd2ThzyrGgFN8+9XKvC6RMzeZ+QXUg4cmppiPPbyFEYLoxcRDz6pZ0x1NGfNqskIBG9rVWQ==",
      "dev": true
    }
  },
  "dependencies": {
    "swiper": {
      "version": "10.3.1",
      "resolved": "https://registry.npmjs.org/swiper/-/swiper-10.3.1.tgz",
      "integrity": "sha512-24Wk3YUdZHxjc9faID97GTu6xnLNia+adMt6qMTZG/HgdSUt4fS0REsGUXJOgpTED0Amh/j+gRGQxsLayJUlBQ==",
      "dev": true
    },
    "telegram-webapps": {
      "version": "6.9.0",
      "resolved": "https://registry.npmjs.org/telegram-webapps/-/telegram-webapps-6.9.0.tgz",
      "integrity": "sha512-z7TPQzJi/hrqcLzOd2ThzyrGgFN8+9XKvC6RMzeZ+QXUg4cmppiPPbyFEYLoxcRDz6pZ0x1NGfNqskIBG9rVWQ==",
      "dev": true
    }
  }
}
