{
  "name": "webapp",
  "lockfileVersion": 2,
  "requires": true,
  "packages": {
    "": {
      "name": "webapp",
      "license": "ISC",
      "dependencies": {
        "telegram-webapps": "^6.9.0"
      }
    },
    "node_modules/telegram-webapps": {
      "version": "6.9.0",
      "resolved": "https://registry.npmjs.org/telegram-webapps/-/telegram-webapps-6.9.0.tgz",
      "integrity": "sha512-z7TPQzJi/hrqcLzOd2ThzyrGgFN8+9XKvC6RMzeZ+QXUg4cmppiPPbyFEYLoxcRDz6pZ0x1NGfNqskIBG9rVWQ=="
    }
  },
  "dependencies": {
    "telegram-webapps": {
      "version": "6.9.0",
      "resolved": "https://registry.npmjs.org/telegram-webapps/-/telegram-webapps-6.9.0.tgz",
      "integrity": "sha512-z7TPQzJi/hrqcLzOd2ThzyrGgFN8+9XKvC6RMzeZ+QXUg4cmppiPPbyFEYLoxcRDz6pZ0x1NGfNqskIBG9rVWQ=="
    }
  }
}
